// !$*UTF8*$!
{
	archiveVersion = 1;
	classes = {
	};
	objectVersion = 56;
	objects = {

/* Begin PBXBuildFile section */
		A62277682B03BF76008EC026 /* Pint_duplicate_proveApp.swift in Sources */ = {isa = PBXBuildFile; fileRef = A62277672B03BF76008EC026 /* Pint_duplicate_proveApp.swift */; };
		A622776A2B03BF76008EC026 /* ContentView_OLD.swift in Sources */ = {isa = PBXBuildFile; fileRef = A62277692B03BF76008EC026 /* ContentView_OLD.swift */; };
		A622776C2B03BF78008EC026 /* Assets.xcassets in Resources */ = {isa = PBXBuildFile; fileRef = A622776B2B03BF78008EC026 /* Assets.xcassets */; };
		A622776F2B03BF78008EC026 /* Preview Assets.xcassets in Resources */ = {isa = PBXBuildFile; fileRef = A622776E2B03BF78008EC026 /* Preview Assets.xcassets */; };
		A62277762B056275008EC026 /* RootView.swift in Sources */ = {isa = PBXBuildFile; fileRef = A62277752B056275008EC026 /* RootView.swift */; };
		A62277782B056545008EC026 /* HomeView.swift in Sources */ = {isa = PBXBuildFile; fileRef = A62277772B056545008EC026 /* HomeView.swift */; };
		A622777A2B056B83008EC026 /* ProfileView.swift in Sources */ = {isa = PBXBuildFile; fileRef = A62277792B056B83008EC026 /* ProfileView.swift */; };
		A622777E2B0575C4008EC026 /* SettingsView.swift in Sources */ = {isa = PBXBuildFile; fileRef = A622777D2B0575C4008EC026 /* SettingsView.swift */; };
		A62277802B057812008EC026 /* SectionTitle.swift in Sources */ = {isa = PBXBuildFile; fileRef = A622777F2B057812008EC026 /* SectionTitle.swift */; };
		A62277832B078759008EC026 /* CategoryButton.swift in Sources */ = {isa = PBXBuildFile; fileRef = A62277822B078759008EC026 /* CategoryButton.swift */; };
		A62277882B07B3A6008EC026 /* Colors.swift in Sources */ = {isa = PBXBuildFile; fileRef = A62277872B07B3A6008EC026 /* Colors.swift */; };
		A63338952B0D335000B495CD /* SegmentedControlView.swift in Sources */ = {isa = PBXBuildFile; fileRef = A63338942B0D335000B495CD /* SegmentedControlView.swift */; };
		A6B3350B2B0A867400CBD987 /* ImageDetailView.swift in Sources */ = {isa = PBXBuildFile; fileRef = A6B3350A2B0A867400CBD987 /* ImageDetailView.swift */; };
/* End PBXBuildFile section */

/* Begin PBXFileReference section */
		A62277642B03BF76008EC026 /* Pint_duplicate_prove.app */ = {isa = PBXFileReference; explicitFileType = wrapper.application; includeInIndex = 0; path = Pint_duplicate_prove.app; sourceTree = BUILT_PRODUCTS_DIR; };
		A62277672B03BF76008EC026 /* Pint_duplicate_proveApp.swift */ = {isa = PBXFileReference; lastKnownFileType = sourcecode.swift; path = Pint_duplicate_proveApp.swift; sourceTree = "<group>"; };
		A62277692B03BF76008EC026 /* ContentView_OLD.swift */ = {isa = PBXFileReference; lastKnownFileType = sourcecode.swift; path = ContentView_OLD.swift; sourceTree = "<group>"; };
		A622776B2B03BF78008EC026 /* Assets.xcassets */ = {isa = PBXFileReference; lastKnownFileType = folder.assetcatalog; path = Assets.xcassets; sourceTree = "<group>"; };
		A622776E2B03BF78008EC026 /* Preview Assets.xcassets */ = {isa = PBXFileReference; lastKnownFileType = folder.assetcatalog; path = "Preview Assets.xcassets"; sourceTree = "<group>"; };
		A62277752B056275008EC026 /* RootView.swift */ = {isa = PBXFileReference; lastKnownFileType = sourcecode.swift; path = RootView.swift; sourceTree = "<group>"; };
		A62277772B056545008EC026 /* HomeView.swift */ = {isa = PBXFileReference; lastKnownFileType = sourcecode.swift; path = HomeView.swift; sourceTree = "<group>"; };
		A62277792B056B83008EC026 /* ProfileView.swift */ = {isa = PBXFileReference; lastKnownFileType = sourcecode.swift; path = ProfileView.swift; sourceTree = "<group>"; };
		A622777D2B0575C4008EC026 /* SettingsView.swift */ = {isa = PBXFileReference; lastKnownFileType = sourcecode.swift; path = SettingsView.swift; sourceTree = "<group>"; };
		A622777F2B057812008EC026 /* SectionTitle.swift */ = {isa = PBXFileReference; lastKnownFileType = sourcecode.swift; path = SectionTitle.swift; sourceTree = "<group>"; };
		A62277822B078759008EC026 /* CategoryButton.swift */ = {isa = PBXFileReference; lastKnownFileType = sourcecode.swift; path = CategoryButton.swift; sourceTree = "<group>"; };
		A62277872B07B3A6008EC026 /* Colors.swift */ = {isa = PBXFileReference; lastKnownFileType = sourcecode.swift; path = Colors.swift; sourceTree = "<group>"; };
		A63338942B0D335000B495CD /* SegmentedControlView.swift */ = {isa = PBXFileReference; lastKnownFileType = sourcecode.swift; path = SegmentedControlView.swift; sourceTree = "<group>"; };
		A6B3350A2B0A867400CBD987 /* ImageDetailView.swift */ = {isa = PBXFileReference; lastKnownFileType = sourcecode.swift; path = ImageDetailView.swift; sourceTree = "<group>"; };
/* End PBXFileReference section */

/* Begin PBXFrameworksBuildPhase section */
		A62277612B03BF76008EC026 /* Frameworks */ = {
			isa = PBXFrameworksBuildPhase;
			buildActionMask = 2147483647;
			files = (
			);
			runOnlyForDeploymentPostprocessing = 0;
		};
/* End PBXFrameworksBuildPhase section */

/* Begin PBXGroup section */
		A622775B2B03BF76008EC026 = {
			isa = PBXGroup;
			children = (
				A62277662B03BF76008EC026 /* Pint_duplicate_prove */,
				A62277652B03BF76008EC026 /* Products */,
			);
			sourceTree = "<group>";
		};
		A62277652B03BF76008EC026 /* Products */ = {
			isa = PBXGroup;
			children = (
				A62277642B03BF76008EC026 /* Pint_duplicate_prove.app */,
			);
			name = Products;
			sourceTree = "<group>";
		};
		A62277662B03BF76008EC026 /* Pint_duplicate_prove */ = {
			isa = PBXGroup;
			children = (
				A62277692B03BF76008EC026 /* ContentView_OLD.swift */,
				A62277672B03BF76008EC026 /* Pint_duplicate_proveApp.swift */,
				A62277752B056275008EC026 /* RootView.swift */,
				A62277772B056545008EC026 /* HomeView.swift */,
				A6B3350A2B0A867400CBD987 /* ImageDetailView.swift */,
				A62277792B056B83008EC026 /* ProfileView.swift */,
				A622777D2B0575C4008EC026 /* SettingsView.swift */,
				A63338942B0D335000B495CD /* SegmentedControlView.swift */,
				A62277812B057819008EC026 /* Components */,
				A622776B2B03BF78008EC026 /* Assets.xcassets */,
				A622776D2B03BF78008EC026 /* Preview Content */,
			);
			path = Pint_duplicate_prove;
			sourceTree = "<group>";
		};
		A622776D2B03BF78008EC026 /* Preview Content */ = {
			isa = PBXGroup;
			children = (
				A622776E2B03BF78008EC026 /* Preview Assets.xcassets */,
			);
			path = "Preview Content";
			sourceTree = "<group>";
		};
		A62277812B057819008EC026 /* Components */ = {
			isa = PBXGroup;
			children = (
				A622777F2B057812008EC026 /* SectionTitle.swift */,
				A62277822B078759008EC026 /* CategoryButton.swift */,
				A62277872B07B3A6008EC026 /* Colors.swift */,
			);
			path = Components;
			sourceTree = "<group>";
		};
/* End PBXGroup section */

/* Begin PBXNativeTarget section */
		A62277632B03BF76008EC026 /* Pint_duplicate_prove */ = {
			isa = PBXNativeTarget;
			buildConfigurationList = A62277722B03BF78008EC026 /* Build configuration list for PBXNativeTarget "Pint_duplicate_prove" */;
			buildPhases = (
				A62277602B03BF76008EC026 /* Sources */,
				A62277612B03BF76008EC026 /* Frameworks */,
				A62277622B03BF76008EC026 /* Resources */,
			);
			buildRules = (
			);
			dependencies = (
			);
			name = Pint_duplicate_prove;
			productName = Pint_duplicate_prove;
			productReference = A62277642B03BF76008EC026 /* Pint_duplicate_prove.app */;
			productType = "com.apple.product-type.application";
		};
/* End PBXNativeTarget section */

/* Begin PBXProject section */
		A622775C2B03BF76008EC026 /* Project object */ = {
			isa = PBXProject;
			attributes = {
				BuildIndependentTargetsInParallel = 1;
				LastSwiftUpdateCheck = 1500;
				LastUpgradeCheck = 1500;
				TargetAttributes = {
					A62277632B03BF76008EC026 = {
						CreatedOnToolsVersion = 15.0.1;
					};
				};
			};
			buildConfigurationList = A622775F2B03BF76008EC026 /* Build configuration list for PBXProject "Pint_duplicate_prove" */;
			compatibilityVersion = "Xcode 14.0";
			developmentRegion = en;
			hasScannedForEncodings = 0;
			knownRegions = (
				en,
				Base,
			);
			mainGroup = A622775B2B03BF76008EC026;
			productRefGroup = A62277652B03BF76008EC026 /* Products */;
			projectDirPath = "";
			projectRoot = "";
			targets = (
				A62277632B03BF76008EC026 /* Pint_duplicate_prove */,
			);
		};
/* End PBXProject section */

/* Begin PBXResourcesBuildPhase section */
		A62277622B03BF76008EC026 /* Resources */ = {
			isa = PBXResourcesBuildPhase;
			buildActionMask = 2147483647;
			files = (
				A622776F2B03BF78008EC026 /* Preview Assets.xcassets in Resources */,
				A622776C2B03BF78008EC026 /* Assets.xcassets in Resources */,
			);
			runOnlyForDeploymentPostprocessing = 0;
		};
/* End PBXResourcesBuildPhase section */

/* Begin PBXSourcesBuildPhase section */
		A62277602B03BF76008EC026 /* Sources */ = {
			isa = PBXSourcesBuildPhase;
			buildActionMask = 2147483647;
			files = (
				A62277802B057812008EC026 /* SectionTitle.swift in Sources */,
				A62277882B07B3A6008EC026 /* Colors.swift in Sources */,
				A62277832B078759008EC026 /* CategoryButton.swift in Sources */,
				A622776A2B03BF76008EC026 /* ContentView_OLD.swift in Sources */,
				A62277782B056545008EC026 /* HomeView.swift in Sources */,
				A622777A2B056B83008EC026 /* ProfileView.swift in Sources */,
				A622777E2B0575C4008EC026 /* SettingsView.swift in Sources */,
				A63338952B0D335000B495CD /* SegmentedControlView.swift in Sources */,
				A62277682B03BF76008EC026 /* Pint_duplicate_proveApp.swift in Sources */,
				A62277762B056275008EC026 /* RootView.swift in Sources */,
				A6B3350B2B0A867400CBD987 /* ImageDetailView.swift in Sources */,
			);
			runOnlyForDeploymentPostprocessing = 0;
		};
/* End PBXSourcesBuildPhase section */

/* Begin XCBuildConfiguration section */
		A62277702B03BF78008EC026 /* Debug */ = {
			isa = XCBuildConfiguration;
			buildSettings = {
				ALWAYS_SEARCH_USER_PATHS = NO;
				ASSETCATALOG_COMPILER_GENERATE_SWIFT_ASSET_SYMBOL_EXTENSIONS = YES;
				CLANG_ANALYZER_NONNULL = YES;
				CLANG_ANALYZER_NUMBER_OBJECT_CONVERSION = YES_AGGRESSIVE;
				CLANG_CXX_LANGUAGE_STANDARD = "gnu++20";
				CLANG_ENABLE_MODULES = YES;
				CLANG_ENABLE_OBJC_ARC = YES;
				CLANG_ENABLE_OBJC_WEAK = YES;
				CLANG_WARN_BLOCK_CAPTURE_AUTORELEASING = YES;
				CLANG_WARN_BOOL_CONVERSION = YES;
				CLANG_WARN_COMMA = YES;
				CLANG_WARN_CONSTANT_CONVERSION = YES;
				CLANG_WARN_DEPRECATED_OBJC_IMPLEMENTATIONS = YES;
				CLANG_WARN_DIRECT_OBJC_ISA_USAGE = YES_ERROR;
				CLANG_WARN_DOCUMENTATION_COMMENTS = YES;
				CLANG_WARN_EMPTY_BODY = YES;
				CLANG_WARN_ENUM_CONVERSION = YES;
				CLANG_WARN_INFINITE_RECURSION = YES;
				CLANG_WARN_INT_CONVERSION = YES;
				CLANG_WARN_NON_LITERAL_NULL_CONVERSION = YES;
				CLANG_WARN_OBJC_IMPLICIT_RETAIN_SELF = YES;
				CLANG_WARN_OBJC_LITERAL_CONVERSION = YES;
				CLANG_WARN_OBJC_ROOT_CLASS = YES_ERROR;
				CLANG_WARN_QUOTED_INCLUDE_IN_FRAMEWORK_HEADER = YES;
				CLANG_WARN_RANGE_LOOP_ANALYSIS = YES;
				CLANG_WARN_STRICT_PROTOTYPES = YES;
				CLANG_WARN_SUSPICIOUS_MOVE = YES;
				CLANG_WARN_UNGUARDED_AVAILABILITY = YES_AGGRESSIVE;
				CLANG_WARN_UNREACHABLE_CODE = YES;
				CLANG_WARN__DUPLICATE_METHOD_MATCH = YES;
				COPY_PHASE_STRIP = NO;
				DEBUG_INFORMATION_FORMAT = dwarf;
				ENABLE_STRICT_OBJC_MSGSEND = YES;
				ENABLE_TESTABILITY = YES;
				ENABLE_USER_SCRIPT_SANDBOXING = YES;
				GCC_C_LANGUAGE_STANDARD = gnu17;
				GCC_DYNAMIC_NO_PIC = NO;
				GCC_NO_COMMON_BLOCKS = YES;
				GCC_OPTIMIZATION_LEVEL = 0;
				GCC_PREPROCESSOR_DEFINITIONS = (
					"DEBUG=1",
					"$(inherited)",
				);
				GCC_WARN_64_TO_32_BIT_CONVERSION = YES;
				GCC_WARN_ABOUT_RETURN_TYPE = YES_ERROR;
				GCC_WARN_UNDECLARED_SELECTOR = YES;
				GCC_WARN_UNINITIALIZED_AUTOS = YES_AGGRESSIVE;
				GCC_WARN_UNUSED_FUNCTION = YES;
				GCC_WARN_UNUSED_VARIABLE = YES;
				IPHONEOS_DEPLOYMENT_TARGET = 17.0;
				LOCALIZATION_PREFERS_STRING_CATALOGS = YES;
				MTL_ENABLE_DEBUG_INFO = INCLUDE_SOURCE;
				MTL_FAST_MATH = YES;
				ONLY_ACTIVE_ARCH = YES;
				SDKROOT = iphoneos;
				SWIFT_ACTIVE_COMPILATION_CONDITIONS = "DEBUG $(inherited)";
				SWIFT_OPTIMIZATION_LEVEL = "-Onone";
			};
			name = Debug;
		};
		A62277712B03BF78008EC026 /* Release */ = {
			isa = XCBuildConfiguration;
			buildSettings = {
				ALWAYS_SEARCH_USER_PATHS = NO;
				ASSETCATALOG_COMPILER_GENERATE_SWIFT_ASSET_SYMBOL_EXTENSIONS = YES;
				CLANG_ANALYZER_NONNULL = YES;
				CLANG_ANALYZER_NUMBER_OBJECT_CONVERSION = YES_AGGRESSIVE;
				CLANG_CXX_LANGUAGE_STANDARD = "gnu++20";
				CLANG_ENABLE_MODULES = YES;
				CLANG_ENABLE_OBJC_ARC = YES;
				CLANG_ENABLE_OBJC_WEAK = YES;
				CLANG_WARN_BLOCK_CAPTURE_AUTORELEASING = YES;
				CLANG_WARN_BOOL_CONVERSION = YES;
				CLANG_WARN_COMMA = YES;
				CLANG_WARN_CONSTANT_CONVERSION = YES;
				CLANG_WARN_DEPRECATED_OBJC_IMPLEMENTATIONS = YES;
				CLANG_WARN_DIRECT_OBJC_ISA_USAGE = YES_ERROR;
				CLANG_WARN_DOCUMENTATION_COMMENTS = YES;
				CLANG_WARN_EMPTY_BODY = YES;
				CLANG_WARN_ENUM_CONVERSION = YES;
				CLANG_WARN_INFINITE_RECURSION = YES;
				CLANG_WARN_INT_CONVERSION = YES;
				CLANG_WARN_NON_LITERAL_NULL_CONVERSION = YES;
				CLANG_WARN_OBJC_IMPLICIT_RETAIN_SELF = YES;
				CLANG_WARN_OBJC_LITERAL_CONVERSION = YES;
				CLANG_WARN_OBJC_ROOT_CLASS = YES_ERROR;
				CLANG_WARN_QUOTED_INCLUDE_IN_FRAMEWORK_HEADER = YES;
				CLANG_WARN_RANGE_LOOP_ANALYSIS = YES;
				CLANG_WARN_STRICT_PROTOTYPES = YES;
				CLANG_WARN_SUSPICIOUS_MOVE = YES;
				CLANG_WARN_UNGUARDED_AVAILABILITY = YES_AGGRESSIVE;
				CLANG_WARN_UNREACHABLE_CODE = YES;
				CLANG_WARN__DUPLICATE_METHOD_MATCH = YES;
				COPY_PHASE_STRIP = NO;
				DEBUG_INFORMATION_FORMAT = "dwarf-with-dsym";
				ENABLE_NS_ASSERTIONS = NO;
				ENABLE_STRICT_OBJC_MSGSEND = YES;
				ENABLE_USER_SCRIPT_SANDBOXING = YES;
				GCC_C_LANGUAGE_STANDARD = gnu17;
				GCC_NO_COMMON_BLOCKS = YES;
				GCC_WARN_64_TO_32_BIT_CONVERSION = YES;
				GCC_WARN_ABOUT_RETURN_TYPE = YES_ERROR;
				GCC_WARN_UNDECLARED_SELECTOR = YES;
				GCC_WARN_UNINITIALIZED_AUTOS = YES_AGGRESSIVE;
				GCC_WARN_UNUSED_FUNCTION = YES;
				GCC_WARN_UNUSED_VARIABLE = YES;
				IPHONEOS_DEPLOYMENT_TARGET = 17.0;
				LOCALIZATION_PREFERS_STRING_CATALOGS = YES;
				MTL_ENABLE_DEBUG_INFO = NO;
				MTL_FAST_MATH = YES;
				SDKROOT = iphoneos;
				SWIFT_COMPILATION_MODE = wholemodule;
				VALIDATE_PRODUCT = YES;
			};
			name = Release;
		};
		A62277732B03BF78008EC026 /* Debug */ = {
			isa = XCBuildConfiguration;
			buildSettings = {
				ASSETCATALOG_COMPILER_APPICON_NAME = AppIcon;
				ASSETCATALOG_COMPILER_GLOBAL_ACCENT_COLOR_NAME = AccentColor;
				CODE_SIGN_STYLE = Automatic;
				CURRENT_PROJECT_VERSION = 1;
				DEVELOPMENT_ASSET_PATHS = "\"Pint_duplicate_prove/Preview Content\"";
				DEVELOPMENT_TEAM = H8ASFDLWBH;
				ENABLE_PREVIEWS = YES;
				GENERATE_INFOPLIST_FILE = YES;
				INFOPLIST_KEY_UIApplicationSceneManifest_Generation = YES;
				INFOPLIST_KEY_UIApplicationSupportsIndirectInputEvents = YES;
				INFOPLIST_KEY_UILaunchScreen_Generation = YES;
				INFOPLIST_KEY_UISupportedInterfaceOrientations_iPad = "UIInterfaceOrientationPortrait UIInterfaceOrientationPortraitUpsideDown UIInterfaceOrientationLandscapeLeft UIInterfaceOrientationLandscapeRight";
				INFOPLIST_KEY_UISupportedInterfaceOrientations_iPhone = "UIInterfaceOrientationPortrait UIInterfaceOrientationLandscapeLeft UIInterfaceOrientationLandscapeRight";
				LD_RUNPATH_SEARCH_PATHS = (
					"$(inherited)",
					"@executable_path/Frameworks",
				);
				MARKETING_VERSION = 1.0;
				PRODUCT_BUNDLE_IDENTIFIER = "developer.academy.Pint-duplicate-prove";
				PRODUCT_NAME = "$(TARGET_NAME)";
				SWIFT_EMIT_LOC_STRINGS = YES;
				SWIFT_VERSION = 5.0;
				TARGETED_DEVICE_FAMILY = "1,2";
			};
			name = Debug;
		};
		A62277742B03BF78008EC026 /* Release */ = {
			isa = XCBuildConfiguration;
			buildSettings = {
				ASSETCATALOG_COMPILER_APPICON_NAME = AppIcon;
				ASSETCATALOG_COMPILER_GLOBAL_ACCENT_COLOR_NAME = AccentColor;
				CODE_SIGN_STYLE = Automatic;
				CURRENT_PROJECT_VERSION = 1;
				DEVELOPMENT_ASSET_PATHS = "\"Pint_duplicate_prove/Preview Content\"";
				DEVELOPMENT_TEAM = H8ASFDLWBH;
				ENABLE_PREVIEWS = YES;
				GENERATE_INFOPLIST_FILE = YES;
				INFOPLIST_KEY_UIApplicationSceneManifest_Generation = YES;
				INFOPLIST_KEY_UIApplicationSupportsIndirectInputEvents = YES;
				INFOPLIST_KEY_UILaunchScreen_Generation = YES;
				INFOPLIST_KEY_UISupportedInterfaceOrientations_iPad = "UIInterfaceOrientationPortrait UIInterfaceOrientationPortraitUpsideDown UIInterfaceOrientationLandscapeLeft UIInterfaceOrientationLandscapeRight";
				INFOPLIST_KEY_UISupportedInterfaceOrientations_iPhone = "UIInterfaceOrientationPortrait UIInterfaceOrientationLandscapeLeft UIInterfaceOrientationLandscapeRight";
				LD_RUNPATH_SEARCH_PATHS = (
					"$(inherited)",
					"@executable_path/Frameworks",
				);
				MARKETING_VERSION = 1.0;
				PRODUCT_BUNDLE_IDENTIFIER = "developer.academy.Pint-duplicate-prove";
				PRODUCT_NAME = "$(TARGET_NAME)";
				SWIFT_EMIT_LOC_STRINGS = YES;
				SWIFT_VERSION = 5.0;
				TARGETED_DEVICE_FAMILY = "1,2";
			};
			name = Release;
		};
/* End XCBuildConfiguration section */

/* Begin XCConfigurationList section */
		A622775F2B03BF76008EC026 /* Build configuration list for PBXProject "Pint_duplicate_prove" */ = {
			isa = XCConfigurationList;
			buildConfigurations = (
				A62277702B03BF78008EC026 /* Debug */,
				A62277712B03BF78008EC026 /* Release */,
			);
			defaultConfigurationIsVisible = 0;
			defaultConfigurationName = Release;
		};
		A62277722B03BF78008EC026 /* Build configuration list for PBXNativeTarget "Pint_duplicate_prove" */ = {
			isa = XCConfigurationList;
			buildConfigurations = (
				A62277732B03BF78008EC026 /* Debug */,
				A62277742B03BF78008EC026 /* Release */,
			);
			defaultConfigurationIsVisible = 0;
			defaultConfigurationName = Release;
		};
/* End XCConfigurationList section */
	};
	rootObject = A622775C2B03BF76008EC026 /* Project object */;
}
